# THIS IS AN AUTOGENERATED FILE. DO NOT EDIT THIS FILE DIRECTLY.
# yarn lockfile v1


"@babel/runtime@^7.15.4", "@babel/runtime@^7.9.2":
  version "7.25.6"
  resolved "https://registry.yarnpkg.com/@babel/runtime/-/runtime-7.25.6.tgz#9afc3289f7184d8d7f98b099884c26317b9264d2"
  integrity sha512-VBj9MYyDb9tuLq7yzqjgzt6Q+IBQLrGZfdjOekyEirZPHxXWoTSGUTMrpsfi58Up73d13NfYLv8HT9vmznjzhQ==
  dependencies:
    regenerator-runtime "^0.14.0"

"@babel/runtime@^7.21.0":
  version "7.25.4"
  resolved "https://registry.yarnpkg.com/@babel/runtime/-/runtime-7.25.4.tgz#6ef37d678428306e7d75f054d5b1bdb8cf8aa8ee"
  integrity sha512-DSgLeL/FNcpXuzav5wfYvHCGvynXkJbn3Zvc3823AEe9nPwW9IK4UoCSS5yGymmQzN0pCPvivtgS6/8U2kkm1w==
  dependencies:
    regenerator-runtime "^0.14.0"

"@cfcs/core@^0.0.6":
  version "0.0.6"
  resolved "https://registry.yarnpkg.com/@cfcs/core/-/core-0.0.6.tgz#9f8499dcd2ad29fd96d8fa72055411cd4a249121"
  integrity sha512-FxfJMwoLB8MEMConeXUCqtMGqxdtePQxRBOiGip9ULcYYam3WfCgoY6xdnMaSkYvRvmosp5iuG+TiPofm65+Pw==
  dependencies:
    "@egjs/component" "^3.0.2"

"@daybrush/utils@^1.1.1", "@daybrush/utils@^1.13.0", "@daybrush/utils@^1.4.0", "@daybrush/utils@^1.6.0", "@daybrush/utils@^1.7.1":
  version "1.13.0"
  resolved "https://registry.yarnpkg.com/@daybrush/utils/-/utils-1.13.0.tgz#ea70a60864130da476406fdd1d465e3068aea0ff"
  integrity sha512-ALK12C6SQNNHw1enXK+UO8bdyQ+jaWNQ1Af7Z3FNxeAwjYhQT7do+TRE4RASAJ3ObaS2+TJ7TXR3oz2Gzbw0PQ==

"@egjs/agent@^2.2.1":
  version "2.4.4"
  resolved "https://registry.yarnpkg.com/@egjs/agent/-/agent-2.4.4.tgz#bd2ef4a17427d425332b01f3e79953cd413b532d"
  integrity sha512-cvAPSlUILhBBOakn2krdPnOGv5hAZq92f1YHxYcfu0p7uarix2C6Ia3AVizpS1SGRZGiEkIS5E+IVTLg1I2Iog==

"@egjs/children-differ@^1.0.1":
  version "1.0.1"
  resolved "https://registry.yarnpkg.com/@egjs/children-differ/-/children-differ-1.0.1.tgz#5465fa80671d5ca3564ebe912f48b05b3e8a14fd"
  integrity sha512-DRvyqMf+CPCOzAopQKHtW+X8iN6Hy6SFol+/7zCUiE5y4P/OB8JP8FtU4NxtZwtafvSL4faD5KoQYPj3JHzPFQ==
  dependencies:
    "@egjs/list-differ" "^1.0.0"

"@egjs/component@^3.0.2":
  version "3.0.5"
  resolved "https://registry.yarnpkg.com/@egjs/component/-/component-3.0.5.tgz#2dc86e835d5dc5055cdf46c7cd794eb45330e1b6"
  integrity sha512-cLcGizTrrUNA2EYE3MBmEDt2tQv1joVP1Q3oDisZ5nw0MZDx2kcgEXM+/kZpfa/PAkFvYVhRUZwytIQWoN3V/w==

"@egjs/list-differ@^1.0.0":
  version "1.0.1"
  resolved "https://registry.yarnpkg.com/@egjs/list-differ/-/list-differ-1.0.1.tgz#5772b0f8b87973bb67827f6c7d7df8d7f64a22eb"
  integrity sha512-OTFTDQcWS+1ZREOdCWuk5hCBgYO4OsD30lXcOCyVOAjXMhgL5rBRDnt/otb6Nz8CzU0L/igdcaQBDLWc4t9gvg==

"@hapi/address@^4.0.1":
  version "4.1.0"
  resolved "https://registry.yarnpkg.com/@hapi/address/-/address-4.1.0.tgz#d60c5c0d930e77456fdcde2598e77302e2955e1d"
  integrity sha512-SkszZf13HVgGmChdHo/PxchnSaCJ6cetVqLzyciudzZRT0jcOouIF/Q93mgjw8cce+D+4F4C1Z/WrfFN+O3VHQ==
  dependencies:
    "@hapi/hoek" "^9.0.0"

"@hapi/formula@^2.0.0":
  version "2.0.0"
  resolved "https://registry.yarnpkg.com/@hapi/formula/-/formula-2.0.0.tgz#edade0619ed58c8e4f164f233cda70211e787128"
  integrity sha512-V87P8fv7PI0LH7LiVi8Lkf3x+KCO7pQozXRssAHNXXL9L1K+uyu4XypLXwxqVDKgyQai6qj3/KteNlrqDx4W5A==

"@hapi/hoek@^9.0.0":
  version "9.3.0"
  resolved "https://registry.yarnpkg.com/@hapi/hoek/-/hoek-9.3.0.tgz#8368869dcb735be2e7f5cb7647de78e167a251fb"
  integrity sha512-/c6rf4UJlmHlC9b5BaNvzAcFv7HZ2QHaV0D4/HNlBdvFnvQq8RI4kYdhyPCl7Xj+oWvTWQ8ujhqS53LIgAe6KQ==

"@hapi/joi@^17.1.0":
  version "17.1.1"
  resolved "https://registry.yarnpkg.com/@hapi/joi/-/joi-17.1.1.tgz#9cc8d7e2c2213d1e46708c6260184b447c661350"
  integrity sha512-p4DKeZAoeZW4g3u7ZeRo+vCDuSDgSvtsB/NpfjXEHTUjSeINAi/RrVOWiVQ1isaoLzMvFEhe8n5065mQq1AdQg==
  dependencies:
    "@hapi/address" "^4.0.1"
    "@hapi/formula" "^2.0.0"
    "@hapi/hoek" "^9.0.0"
    "@hapi/pinpoint" "^2.0.0"
    "@hapi/topo" "^5.0.0"

"@hapi/pinpoint@^2.0.0":
  version "2.0.1"
  resolved "https://registry.yarnpkg.com/@hapi/pinpoint/-/pinpoint-2.0.1.tgz#32077e715655fc00ab8df74b6b416114287d6513"
  integrity sha512-EKQmr16tM8s16vTT3cA5L0kZZcTMU5DUOZTuvpnY738m+jyP3JIUj+Mm1xc1rsLkGBQ/gVnfKYPwOmPg1tUR4Q==

"@hapi/topo@^5.0.0":
  version "5.1.0"
  resolved "https://registry.yarnpkg.com/@hapi/topo/-/topo-5.1.0.tgz#dc448e332c6c6e37a4dc02fd84ba8d44b9afb012"
  integrity sha512-foQZKJig7Ob0BMAYBfcJk8d77QtOe7Wo4ox7ff1lQYoNNAb6jwcY1ncdoy2e9wQZzvNy7ODZCYJkK8kzmcAnAg==
  dependencies:
    "@hapi/hoek" "^9.0.0"

"@next/env@13.4.7":
  version "13.4.7"
  resolved "https://registry.yarnpkg.com/@next/env/-/env-13.4.7.tgz#ca12d341edb128ca70384635bd2794125ffb1c01"
  integrity sha512-ZlbiFulnwiFsW9UV1ku1OvX/oyIPLtMk9p/nnvDSwI0s7vSoZdRtxXNsaO+ZXrLv/pMbXVGq4lL8TbY9iuGmVw==

"@next/swc-darwin-arm64@13.4.7":
  version "13.4.7"
  resolved "https://registry.yarnpkg.com/@next/swc-darwin-arm64/-/swc-darwin-arm64-13.4.7.tgz#5e36c26dda5b0bc0ea15d8555d0abd71a1ef4b5d"
  integrity sha512-VZTxPv1b59KGiv/pZHTO5Gbsdeoxcj2rU2cqJu03btMhHpn3vwzEK0gUSVC/XW96aeGO67X+cMahhwHzef24/w==

"@next/swc-darwin-x64@13.4.7":
  version "13.4.7"
  resolved "https://registry.yarnpkg.com/@next/swc-darwin-x64/-/swc-darwin-x64-13.4.7.tgz#4c14ec14b200373cd602589086cb1253a28cd803"
  integrity sha512-gO2bw+2Ymmga+QYujjvDz9955xvYGrWofmxTq7m70b9pDPvl7aDFABJOZ2a8SRCuSNB5mXU8eTOmVVwyp/nAew==

"@next/swc-linux-arm64-gnu@13.4.7":
  version "13.4.7"
  resolved "https://registry.yarnpkg.com/@next/swc-linux-arm64-gnu/-/swc-linux-arm64-gnu-13.4.7.tgz#e7819167ec876ddac5a959e4c7bce4d001f0e924"
  integrity sha512-6cqp3vf1eHxjIDhEOc7Mh/s8z1cwc/l5B6ZNkOofmZVyu1zsbEM5Hmx64s12Rd9AYgGoiCz4OJ4M/oRnkE16/Q==

"@next/swc-linux-arm64-musl@13.4.7":
  version "13.4.7"
  resolved "https://registry.yarnpkg.com/@next/swc-linux-arm64-musl/-/swc-linux-arm64-musl-13.4.7.tgz#0cac0f01d4e308b439e6c33182bed77835fe383b"
  integrity sha512-T1kD2FWOEy5WPidOn1si0rYmWORNch4a/NR52Ghyp4q7KyxOCuiOfZzyhVC5tsLIBDH3+cNdB5DkD9afpNDaOw==

"@next/swc-linux-x64-gnu@13.4.7":
  version "13.4.7"
  resolved "https://registry.yarnpkg.com/@next/swc-linux-x64-gnu/-/swc-linux-x64-gnu-13.4.7.tgz#feb61e16a68c67f3ef230f30d9562a3783c7bd59"
  integrity sha512-zaEC+iEiAHNdhl6fuwl0H0shnTzQoAoJiDYBUze8QTntE/GNPfTYpYboxF5LRYIjBwETUatvE0T64W6SKDipvg==

"@next/swc-linux-x64-musl@13.4.7":
  version "13.4.7"
  resolved "https://registry.yarnpkg.com/@next/swc-linux-x64-musl/-/swc-linux-x64-musl-13.4.7.tgz#02179ecfa6d24a2956c2b54f7d27a050568bbf24"
  integrity sha512-X6r12F8d8SKAtYJqLZBBMIwEqcTRvUdVm+xIq+l6pJqlgT2tNsLLf2i5Cl88xSsIytBICGsCNNHd+siD2fbWBA==

"@next/swc-win32-arm64-msvc@13.4.7":
  version "13.4.7"
  resolved "https://registry.yarnpkg.com/@next/swc-win32-arm64-msvc/-/swc-win32-arm64-msvc-13.4.7.tgz#274b7f00a2ec5934af73db15da8459e8647bfaed"
  integrity sha512-NPnmnV+vEIxnu6SUvjnuaWRglZzw4ox5n/MQTxeUhb5iwVWFedolPFebMNwgrWu4AELwvTdGtWjqof53AiWHcw==

"@next/swc-win32-ia32-msvc@13.4.7":
  version "13.4.7"
  resolved "https://registry.yarnpkg.com/@next/swc-win32-ia32-msvc/-/swc-win32-ia32-msvc-13.4.7.tgz#4a95c106a6db2eee3a4c1352b77995e298d7446a"
  integrity sha512-6Hxijm6/a8XqLQpOOf/XuwWRhcuc/g4rBB2oxjgCMuV9Xlr2bLs5+lXyh8w9YbAUMYR3iC9mgOlXbHa79elmXw==

"@next/swc-win32-x64-msvc@13.4.7":
  version "13.4.7"
  resolved "https://registry.yarnpkg.com/@next/swc-win32-x64-msvc/-/swc-win32-x64-msvc-13.4.7.tgz#5137780f58d7f0230adc293a0429821bfa7d8c21"
  integrity sha512-sW9Yt36Db1nXJL+mTr2Wo0y+VkPWeYhygvcHj1FF0srVtV+VoDjxleKtny21QHaG05zdeZnw2fCtf2+dEqgwqA==

"@scena/dragscroll@^1.4.0":
  version "1.4.0"
  resolved "https://registry.yarnpkg.com/@scena/dragscroll/-/dragscroll-1.4.0.tgz#220b2430c16119cd3e70044ee533a5b9a43cffd7"
  integrity sha512-3O8daaZD9VXA9CP3dra6xcgt/qrm0mg0xJCwiX6druCteQ9FFsXffkF8PrqxY4Z4VJ58fFKEa0RlKqbsi/XnRA==
  dependencies:
    "@daybrush/utils" "^1.6.0"
    "@scena/event-emitter" "^1.0.2"

"@scena/event-emitter@^1.0.2", "@scena/event-emitter@^1.0.5":
  version "1.0.5"
  resolved "https://registry.yarnpkg.com/@scena/event-emitter/-/event-emitter-1.0.5.tgz#047e3acef93cf238d7ce3a8cc5a12ec6bd9c3bb1"
  integrity sha512-AzY4OTb0+7ynefmWFQ6hxDdk0CySAq/D4efljfhtRHCOP7MBF9zUfhKG3TJiroVjASqVgkRJFdenS8ArZo6Olg==
  dependencies:
    "@daybrush/utils" "^1.1.1"

"@scena/matrix@^1.0.0", "@scena/matrix@^1.1.1":
  version "1.1.1"
  resolved "https://registry.yarnpkg.com/@scena/matrix/-/matrix-1.1.1.tgz#5297f71825c72e2c2c8f802f924f482ed200c43c"
  integrity sha512-JVKBhN0tm2Srl+Yt+Ywqu0oLgLcdemDQlD1OxmN9jaCTwaFPZ7tY8n6dhVgMEaR9qcR7r+kAlMXnSfNyYdE+Vg==
  dependencies:
    "@daybrush/utils" "^1.4.0"

"@socket.io/component-emitter@~3.1.0":
  version "3.1.2"
  resolved "https://registry.yarnpkg.com/@socket.io/component-emitter/-/component-emitter-3.1.2.tgz#821f8442f4175d8f0467b9daf26e3a18e2d02af2"
  integrity sha512-9BCxFwvbGg/RsZK9tjXd8s4UcwR0MWeFQ1XEKIQVVvAGJyINdrqKMcTRyLoK8Rse1GjzLV9cwjWV1olXRWEXVA==

"@swc/helpers@0.5.1":
  version "0.5.1"
  resolved "https://registry.yarnpkg.com/@swc/helpers/-/helpers-0.5.1.tgz#e9031491aa3f26bfcc974a67f48bd456c8a5357a"
  integrity sha512-sJ902EfIzn1Fa+qYmjdQqh8tPsoxyBz+8yBKC2HKUxyezKJFwPGOn7pv4WY6QuQW//ySQi5lJjA/ZT9sNWWNTg==
  dependencies:
    tslib "^2.4.0"

"@types/hoist-non-react-statics@^3.3.0":
  version "3.3.5"
  resolved "https://registry.yarnpkg.com/@types/hoist-non-react-statics/-/hoist-non-react-statics-3.3.5.tgz#dab7867ef789d87e2b4b0003c9d65c49cc44a494"
  integrity sha512-SbcrWzkKBw2cdwRTwQAswfpB9g9LJWfjtUeW/jvNwbhC8cpmmNYVePa+ncbUe0rGTQ7G3Ff6mYUN2VMfLVr+Sg==
  dependencies:
    "@types/react" "*"
    hoist-non-react-statics "^3.3.0"

"@types/node-xlsx@^0.21.0":
  version "0.21.0"
  resolved "https://registry.yarnpkg.com/@types/node-xlsx/-/node-xlsx-0.21.0.tgz#51693f08b81c42deb8f556e3db7a41ebe441f923"
  integrity sha512-2phXePog1DbnNWMpl0wEaH/4ABKOBfgp+0IWLFzVzKkaWwHKwT5HcKHZYvEVv/Tntr3xf4J98Syvz7aPUmU2wA==
  dependencies:
    node-xlsx "*"

"@types/node@^22.5.4":
  version "22.5.4"
  resolved "https://registry.yarnpkg.com/@types/node/-/node-22.5.4.tgz#83f7d1f65bc2ed223bdbf57c7884f1d5a4fa84e8"
  integrity sha512-FDuKUJQm/ju9fT/SeX/6+gBzoPzlVCzfzmGkwKvRHQVxi4BntVbyIwf6a4Xn62mrvndLiml6z/UBXIdEVjQLXg==
  dependencies:
    undici-types "~6.19.2"

"@types/nprogress@^0.2.3":
  version "0.2.3"
  resolved "https://registry.yarnpkg.com/@types/nprogress/-/nprogress-0.2.3.tgz#b2150b054a13622fabcba12cf6f0b54c48b14287"
  integrity sha512-k7kRA033QNtC+gLc4VPlfnue58CM1iQLgn1IMAU8VPHGOj7oIHPp9UlhedEnD/Gl8evoCjwkZjlBORtZ3JByUA==

"@types/prop-types@*":
  version "15.7.12"
  resolved "https://registry.yarnpkg.com/@types/prop-types/-/prop-types-15.7.12.tgz#12bb1e2be27293c1406acb6af1c3f3a1481d98c6"
  integrity sha512-5zvhXYtRNRluoE/jAp4GVsSduVUzNWKkOZrCDBWYtE7biZywwdC2AcEzg+cSMLFRfVgeAFqpfNabiPjxFddV1Q==

"@types/react-redux@^7.1.20":
  version "7.1.33"
  resolved "https://registry.yarnpkg.com/@types/react-redux/-/react-redux-7.1.33.tgz#53c5564f03f1ded90904e3c90f77e4bd4dc20b15"
  integrity sha512-NF8m5AjWCkert+fosDsN3hAlHzpjSiXlVy9EgQEmLoBhaNXbmyeGs/aj5dQzKuF+/q+S7JQagorGDW8pJ28Hmg==
  dependencies:
    "@types/hoist-non-react-statics" "^3.3.0"
    "@types/react" "*"
    hoist-non-react-statics "^3.3.0"
    redux "^4.0.0"

"@types/react@*":
  version "18.3.5"
  resolved "https://registry.yarnpkg.com/@types/react/-/react-18.3.5.tgz#5f524c2ad2089c0ff372bbdabc77ca2c4dbadf8f"
  integrity sha512-WeqMfGJLGuLCqHGYRGHxnKrXcTitc6L/nBUWfWPcTarG3t9PsquqUMuVeXZeca+mglY4Vo5GZjCi0A3Or2lnxA==
  dependencies:
    "@types/prop-types" "*"
    csstype "^3.0.2"

"@types/react@^18.2.14":
  version "18.3.4"
  resolved "https://registry.yarnpkg.com/@types/react/-/react-18.3.4.tgz#dfdd534a1d081307144c00e325c06e00312c93a3"
  integrity sha512-J7W30FTdfCxDDjmfRM+/JqLHBIyl7xUIp9kwK637FGmY7+mkSFSe6L4jpZzhj5QMfLssSDP4/i75AKkrdC7/Jw==
  dependencies:
    "@types/prop-types" "*"
    csstype "^3.0.2"

"@types/zxcvbn@^4.4.4":
  version "4.4.5"
  resolved "https://registry.yarnpkg.com/@types/zxcvbn/-/zxcvbn-4.4.5.tgz#8ce8623ed7a36e3a76d1c0b539708dfb2e859bc0"
  integrity sha512-FZJgC5Bxuqg7Rhsm/bx6gAruHHhDQ55r+s0JhDh8CQ16fD7NsJJ+p8YMMQDhSQoIrSmjpqqYWA96oQVMNkjRyA==

anymatch@~3.1.2:
  version "3.1.3"
  resolved "https://registry.yarnpkg.com/anymatch/-/anymatch-3.1.3.tgz#790c58b19ba1720a84205b57c618d5ad8524973e"
  integrity sha512-KMReFUr0B4t+D+OBkjR3KYqvocp2XaSzO55UcB6mgQMd3KbcE+mWTyvVV7D/zsdEbNnV6acZUutkiHQXvTr1Rw==
  dependencies:
    normalize-path "^3.0.0"
    picomatch "^2.0.4"

asynckit@^0.4.0:
  version "0.4.0"
  resolved "https://registry.yarnpkg.com/asynckit/-/asynckit-0.4.0.tgz#c79ed97f7f34cb8f2ba1bc9790bcc366474b4b79"
  integrity sha512-Oei9OH4tRh0YqU3GxhX79dM/mwVgvbZJaSNaRk+bshkj0S5cfHcgYakreBjrHwatXKbz+IoIdYLxrKim2MjW0Q==

axios@^1.4.0:
  version "1.7.5"
  resolved "https://registry.yarnpkg.com/axios/-/axios-1.7.5.tgz#21eed340eb5daf47d29b6e002424b3e88c8c54b1"
  integrity sha512-fZu86yCo+svH3uqJ/yTdQ0QHpQu5oL+/QE+QPSv6BZSkDAoky9vytxp7u5qk83OJFS3kEBcesWni9WTZAv3tSw==
  dependencies:
    follow-redirects "^1.15.6"
    form-data "^4.0.0"
    proxy-from-env "^1.1.0"

binary-extensions@^2.0.0:
  version "2.3.0"
  resolved "https://registry.yarnpkg.com/binary-extensions/-/binary-extensions-2.3.0.tgz#f6e14a97858d327252200242d4ccfe522c445522"
  integrity sha512-Ceh+7ox5qe7LJuLHoY0feh3pHuUDHAcRUeyL2VYghZwfpkNIy/+8Ocg0a3UuSoYzavmylwuLWQOf3hl0jjMMIw==

braces@~3.0.2:
  version "3.0.3"
  resolved "https://registry.yarnpkg.com/braces/-/braces-3.0.3.tgz#490332f40919452272d55a8480adc0c441358789"
  integrity sha512-yQbXgO/OSZVD2IsiLlro+7Hf6Q18EJrKSEsdoMzKePKXct3gvD8oLcOQdIzGupr5Fj+EDe8gO/lxc1BzfMpxvA==
  dependencies:
    fill-range "^7.1.1"

busboy@1.6.0:
  version "1.6.0"
  resolved "https://registry.yarnpkg.com/busboy/-/busboy-1.6.0.tgz#966ea36a9502e43cdb9146962523b92f531f6893"
  integrity sha512-8SFQbg/0hQ9xy3UNTB0YEnsNBbWfhf7RtnzpL7TkBiTBRfrQ9Fxcnz7VJsleJpyp6rVLvXiuORqjlHi5q+PYuA==
  dependencies:
    streamsearch "^1.1.0"

caniuse-lite@^1.0.30001406:
  version "1.0.30001653"
  resolved "https://registry.yarnpkg.com/caniuse-lite/-/caniuse-lite-1.0.30001653.tgz#b8af452f8f33b1c77f122780a4aecebea0caca56"
  integrity sha512-XGWQVB8wFQ2+9NZwZ10GxTYC5hk0Fa+q8cSkr0tgvMhYhMHP/QC+WTgrePMDBWiWc/pV+1ik82Al20XOK25Gcw==

"chokidar@>=3.0.0 <4.0.0":
  version "3.6.0"
  resolved "https://registry.yarnpkg.com/chokidar/-/chokidar-3.6.0.tgz#197c6cc669ef2a8dc5e7b4d97ee4e092c3eb0d5b"
  integrity sha512-7VT13fmjotKpGipCW9JEQAusEPE+Ei8nl6/g4FBAmIm0GOOLMua9NDDo/DWp0ZAxCr3cPq5ZpBqmPAQgDda2Pw==
  dependencies:
    anymatch "~3.1.2"
    braces "~3.0.2"
    glob-parent "~5.1.2"
    is-binary-path "~2.1.0"
    is-glob "~4.0.1"
    normalize-path "~3.0.0"
    readdirp "~3.6.0"
  optionalDependencies:
    fsevents "~2.3.2"

client-only@0.0.1:
  version "0.0.1"
  resolved "https://registry.yarnpkg.com/client-only/-/client-only-0.0.1.tgz#38bba5d403c41ab150bff64a95c85013cf73bca1"
  integrity sha512-IV3Ou0jSMzZrd3pZ48nLkT9DA7Ag1pnPzaiQhpW7c3RbcqqzvzzVu+L8gfqMp/8IM2MQtSiqaCxrrcfu8I8rMA==

clsx@^1.1.1:
  version "1.2.1"
  resolved "https://registry.yarnpkg.com/clsx/-/clsx-1.2.1.tgz#0ddc4a20a549b59c93a4116bb26f5294ca17dc12"
  integrity sha512-EcR6r5a8bj6pu3ycsa/E/cKVGuTgZJZdsyUYHOksG/UHIiKfjxzRxYJpyVBwYaQeOvghal9fcc4PidlgzugAQg==

combined-stream@^1.0.8:
  version "1.0.8"
  resolved "https://registry.yarnpkg.com/combined-stream/-/combined-stream-1.0.8.tgz#c3d45a8b34fd730631a110a8a2520682b31d5a7f"
  integrity sha512-FQN4MRfuJeHf7cBbBMJFXhKSDq+2kAArBlmRBvcvFE5BB1HZKXtSFASDhdlz9zOYwxh8lDdnvmMOe/+5cdoEdg==
  dependencies:
    delayed-stream "~1.0.0"

cookie@^0.4.1:
  version "0.4.2"
  resolved "https://registry.yarnpkg.com/cookie/-/cookie-0.4.2.tgz#0e41f24de5ecf317947c82fc789e06a884824432"
  integrity sha512-aSWTXFzaKWkvHO1Ny/s+ePFpvKsPnjc551iI41v3ny/ow6tBG5Vd+FuqGNhh1LxOmVzOlGUriIlOaokOvhaStA==

cors@^2.8.5:
  version "2.8.5"
  resolved "https://registry.yarnpkg.com/cors/-/cors-2.8.5.tgz#eac11da51592dd86b9f06f6e7ac293b3df875d29"
  integrity sha512-KIHbLJqu73RGr/hnbrO9uBeixNGuvSQjul/jdFvS/KFSIH1hWVd1ng7zOHx+YrEfInLG7q4n6GHQ9cDtxv/P6g==
  dependencies:
    object-assign "^4"
    vary "^1"

cpf-cnpj-validator@^1.0.3:
  version "1.0.3"
  resolved "https://registry.yarnpkg.com/cpf-cnpj-validator/-/cpf-cnpj-validator-1.0.3.tgz#8b8cfbf5110bf1d6333d18239380feecd0efe01d"
  integrity sha512-Slh7iv+sf2FhP9xFRMExuaDF7ndERVzmjBZHqwWG+GqHSqPmEggvLuKUUFJZxb+G804rjqRnnu5eCkbeChqM/Q==
  dependencies:
    "@hapi/joi" "^17.1.0"

css-box-model@^1.2.0:
  version "1.2.1"
  resolved "https://registry.yarnpkg.com/css-box-model/-/css-box-model-1.2.1.tgz#59951d3b81fd6b2074a62d49444415b0d2b4d7c1"
  integrity sha512-a7Vr4Q/kd/aw96bnJG332W9V9LkJO69JRcaCYDUqjp6/z0w6VcZjgAcTbgFxEPfBgdnAwlh3iwu+hLopa+flJw==
  dependencies:
    tiny-invariant "^1.0.6"

css-styled@^1.0.8, css-styled@~1.0.8:
  version "1.0.8"
  resolved "https://registry.yarnpkg.com/css-styled/-/css-styled-1.0.8.tgz#c9c05dc4abdef5571033090bfb8cfc5e19429974"
  integrity sha512-tCpP7kLRI8dI95rCh3Syl7I+v7PP+2JYOzWkl0bUEoSbJM+u8ITbutjlQVf0NC2/g4ULROJPi16sfwDIO8/84g==
  dependencies:
    "@daybrush/utils" "^1.13.0"

css-to-mat@^1.1.1:
  version "1.1.1"
  resolved "https://registry.yarnpkg.com/css-to-mat/-/css-to-mat-1.1.1.tgz#0dd10dcf9ec17df15708c8ff07a74fbd0b9a3fe5"
  integrity sha512-kvpxFYZb27jRd2vium35G7q5XZ2WJ9rWjDUMNT36M3Hc41qCrLXFM5iEKMGXcrPsKfXEN+8l/riB4QzwwwiEyQ==
  dependencies:
    "@daybrush/utils" "^1.13.0"
    "@scena/matrix" "^1.0.0"

csstype@^3.0.2:
  version "3.1.3"
  resolved "https://registry.yarnpkg.com/csstype/-/csstype-3.1.3.tgz#d80ff294d114fb0e6ac500fbf85b60137d7eff81"
  integrity sha512-M1uQkMl8rQK/szD0LNhtqxIPLpimGm8sOBwU7lLnCpSbTyY3yeU1Vc7l4KT5zT4s/yOxHH5O7tIuuLOCnLADRw==

date-fns@^2.30.0:
  version "2.30.0"
  resolved "https://registry.yarnpkg.com/date-fns/-/date-fns-2.30.0.tgz#f367e644839ff57894ec6ac480de40cae4b0f4d0"
  integrity sha512-fnULvOpxnC5/Vg3NCiWelDsLiUc9bRwAPs/+LfTLNvetFCtCTN+yQz15C/fs4AwX1R9K5GLtLfn8QW+dWisaAw==
  dependencies:
    "@babel/runtime" "^7.21.0"

debug@~4.3.1, debug@~4.3.2:
  version "4.3.7"
  resolved "https://registry.yarnpkg.com/debug/-/debug-4.3.7.tgz#87945b4151a011d76d95a198d7111c865c360a52"
  integrity sha512-Er2nc/H7RrMXZBFCEim6TCmMk02Z8vLC2Rbi1KEBggpo0fS6l0S1nnapwmIi3yW/+GOJap1Krg4w0Hg80oCqgQ==
  dependencies:
    ms "^2.1.3"

delayed-stream@~1.0.0:
  version "1.0.0"
  resolved "https://registry.yarnpkg.com/delayed-stream/-/delayed-stream-1.0.0.tgz#df3ae199acadfb7d440aaae0b29e2272b24ec619"
  integrity sha512-ZySD7Nf91aLB0RxL4KGrKHBXl7Eds1DAmEdcoVawXnLD7SDhpNgtuII2aAkg7a7QS41jxPSZ17p4VdGnMHk3MQ==

emailjs-com@^3.2.0:
  version "3.2.0"
  resolved "https://registry.yarnpkg.com/emailjs-com/-/emailjs-com-3.2.0.tgz#a53cb22f1bc433c701c84c53d8b56eefd5ce7111"
  integrity sha512-Prbz3E1usiAwGjMNYRv6EsJ5c373cX7/AGnZQwOfrpNJrygQJ15+E9OOq4pU8yC977Z5xMetRfc3WmDX6RcjAA==

engine.io-client@~6.5.2:
  version "6.5.4"
  resolved "https://registry.yarnpkg.com/engine.io-client/-/engine.io-client-6.5.4.tgz#b8bc71ed3f25d0d51d587729262486b4b33bd0d0"
  integrity sha512-GeZeeRjpD2qf49cZQ0Wvh/8NJNfeXkXXcoGh+F77oEAgo9gUHwT1fCRxSNU+YEEaysOJTnsFHmM5oAcPy4ntvQ==
  dependencies:
    "@socket.io/component-emitter" "~3.1.0"
    debug "~4.3.1"
    engine.io-parser "~5.2.1"
    ws "~8.17.1"
    xmlhttprequest-ssl "~2.0.0"

engine.io-parser@~5.2.1:
  version "5.2.3"
  resolved "https://registry.yarnpkg.com/engine.io-parser/-/engine.io-parser-5.2.3.tgz#00dc5b97b1f233a23c9398d0209504cf5f94d92f"
  integrity sha512-HqD3yTBfnBxIrbnM1DoD6Pcq8NECnh8d4As1Qgh0z5Gg3jRRIqijury0CL3ghu/edArpUYiYqQiDUQBIs4np3Q==

fill-range@^7.1.1:
  version "7.1.1"
  resolved "https://registry.yarnpkg.com/fill-range/-/fill-range-7.1.1.tgz#44265d3cac07e3ea7dc247516380643754a05292"
  integrity sha512-YsGpe3WHLK8ZYi4tWDg2Jy3ebRz2rXowDxnld4bkQB00cc/1Zw9AWnC0i9ztDJitivtQvaI9KaLyKrc+hBW0yg==
  dependencies:
    to-regex-range "^5.0.1"

follow-redirects@^1.15.6:
  version "1.15.6"
  resolved "https://registry.yarnpkg.com/follow-redirects/-/follow-redirects-1.15.6.tgz#7f815c0cda4249c74ff09e95ef97c23b5fd0399b"
  integrity sha512-wWN62YITEaOpSK584EZXJafH1AGpO8RVgElfkuXbTOrPX4fIfOyEpW/CsiNd8JdYrAoOvafRTOEnvsO++qCqFA==

form-data@^4.0.0:
  version "4.0.0"
  resolved "https://registry.yarnpkg.com/form-data/-/form-data-4.0.0.tgz#93919daeaf361ee529584b9b31664dc12c9fa452"
  integrity sha512-ETEklSGi5t0QMZuiXoA/Q6vcnxcLQP5vdugSpuAyi6SVGi2clPPp+xgEhuMaHC+zGgn31Kd235W35f7Hykkaww==
  dependencies:
    asynckit "^0.4.0"
    combined-stream "^1.0.8"
    mime-types "^2.1.12"

framework-utils@^1.1.0:
  version "1.1.0"
  resolved "https://registry.yarnpkg.com/framework-utils/-/framework-utils-1.1.0.tgz#a3b528bce838dfd623148847dc92371b09d0da2d"
  integrity sha512-KAfqli5PwpFJ8o3psRNs8svpMGyCSAe8nmGcjQ0zZBWN2H6dZDnq+ABp3N3hdUmFeMrLtjOCTXD4yplUJIWceg==

fsevents@~2.3.2:
  version "2.3.3"
  resolved "https://registry.yarnpkg.com/fsevents/-/fsevents-2.3.3.tgz#cac6407785d03675a2a5e1a5305c697b347d90d6"
  integrity sha512-5xoDfX+fL7faATnagmWPpbFtwh/R77WmMMqqHGS65C3vvB0YHrgF+B1YmZ3441tMj5n63k0212XNoJwzlhffQw==

gesto@^1.19.3, gesto@^1.19.4:
  version "1.19.4"
  resolved "https://registry.yarnpkg.com/gesto/-/gesto-1.19.4.tgz#14921ca89e4e70c14307c4d942df04f59eb00749"
  integrity sha512-hfr/0dWwh0Bnbb88s3QVJd1ZRJeOWcgHPPwmiH6NnafDYvhTsxg+SLYu+q/oPNh9JS3V+nlr6fNs8kvPAtcRDQ==
  dependencies:
    "@daybrush/utils" "^1.13.0"
    "@scena/event-emitter" "^1.0.2"

glob-parent@~5.1.2:
  version "5.1.2"
  resolved "https://registry.yarnpkg.com/glob-parent/-/glob-parent-5.1.2.tgz#869832c58034fe68a4093c17dc15e8340d8401c4"
  integrity sha512-AOIgSQCepiJYwP3ARnGx+5VnTu2HBYdzbGP45eLw1vr3zB3vZLeyed1sC9hnbcOc9/SrMyM5RPQrkGz4aS9Zow==
  dependencies:
    is-glob "^4.0.1"

glob-to-regexp@^0.4.1:
  version "0.4.1"
  resolved "https://registry.yarnpkg.com/glob-to-regexp/-/glob-to-regexp-0.4.1.tgz#c75297087c851b9a578bd217dd59a92f59fe546e"
  integrity sha512-lkX1HJXwyMcprw/5YUZc2s7DrpAiHB21/V+E1rHUrVNokkvB6bqMzT0VfV6/86ZNabt1k14YOIaT7nDvOX3Iiw==

google-libphonenumber@^3.2.32:
  version "3.2.38"
  resolved "https://registry.yarnpkg.com/google-libphonenumber/-/google-libphonenumber-3.2.38.tgz#5adb0c8ff807d84d4d46b9536d0116d00d85f137"
  integrity sha512-t/K0dsVmA0gMMVLJgcMeB9g1Ar4ANVWfkY+AJGSdfyJ2Ay7Bu8ceLYpUlC6FZSilZgaF1qbkM9tZydGBEBHqAg==

graceful-fs@^4.1.2:
  version "4.2.11"
  resolved "https://registry.yarnpkg.com/graceful-fs/-/graceful-fs-4.2.11.tgz#4183e4e8bf08bb6e05bbb2f7d2e0c8f712ca40e3"
  integrity sha512-RbJ5/jmFcNNCcDV5o9eTnBLJ/HszWV0P73bc+Ff4nS/rJj+YaS6IGyiOL0VoBYX+l1Wrl3k63h/KrH+nhJ0XvQ==

hoist-non-react-statics@^3.3.0, hoist-non-react-statics@^3.3.2:
  version "3.3.2"
  resolved "https://registry.yarnpkg.com/hoist-non-react-statics/-/hoist-non-react-statics-3.3.2.tgz#ece0acaf71d62c2969c2ec59feff42a4b1a85b45"
  integrity sha512-/gGivxi8JPKWNm/W0jSmzcMPpfpPLc3dY/6GxhX2hQ9iGj3aDfklV4ET7NjKpSinLpJ5vafa9iiGIEZg10SfBw==
  dependencies:
    react-is "^16.7.0"

immutable@^4.0.0:
  version "4.3.7"
  resolved "https://registry.yarnpkg.com/immutable/-/immutable-4.3.7.tgz#c70145fc90d89fb02021e65c84eb0226e4e5a381"
  integrity sha512-1hqclzwYwjRDFLjcFxOM5AYkkG0rpFPpr1RLPMEuGczoS7YA8gLhy8SWXYRAA/XwfEHpfo3cw5JGioS32fnMRw==

invariant@^2.2.4:
  version "2.2.4"
  resolved "https://registry.yarnpkg.com/invariant/-/invariant-2.2.4.tgz#610f3c92c9359ce1db616e538008d23ff35158e6"
  integrity sha512-phJfQVBuaJM5raOpJjSfkiD6BpbCE4Ns//LaXl6wGYtUBY83nWS6Rf9tXm2e8VaK60JEjYldbPif/A2B1C2gNA==
  dependencies:
    loose-envify "^1.0.0"

is-binary-path@~2.1.0:
  version "2.1.0"
  resolved "https://registry.yarnpkg.com/is-binary-path/-/is-binary-path-2.1.0.tgz#ea1f7f3b80f064236e83470f86c09c254fb45b09"
  integrity sha512-ZMERYes6pDydyuGidse7OsHxtbI7WVeUEozgR/g7rd0xUimYNlvZRE/K2MgZTjWy725IfelLeVcEM97mmtRGXw==
  dependencies:
    binary-extensions "^2.0.0"

is-extglob@^2.1.1:
  version "2.1.1"
  resolved "https://registry.yarnpkg.com/is-extglob/-/is-extglob-2.1.1.tgz#a88c02535791f02ed37c76a1b9ea9773c833f8c2"
  integrity sha512-SbKbANkN603Vi4jEZv49LeVJMn4yGwsbzZworEoyEiutsN3nJYdbO36zfhGJ6QEDpOZIFkDtnq5JRxmvl3jsoQ==

is-glob@^4.0.1, is-glob@~4.0.1:
  version "4.0.3"
  resolved "https://registry.yarnpkg.com/is-glob/-/is-glob-4.0.3.tgz#64f61e42cbbb2eec2071a9dac0b28ba1e65d5084"
  integrity sha512-xelSayHH36ZgE7ZWhli7pW34hNbNl8Ojv5KVmkJD4hBdD3th8Tfk9vYasLM+mXWOZhFkgZfxhLSnrwRr4elSSg==
  dependencies:
    is-extglob "^2.1.1"

is-number@^7.0.0:
  version "7.0.0"
  resolved "https://registry.yarnpkg.com/is-number/-/is-number-7.0.0.tgz#7535345b896734d5f80c4d06c50955527a14f12b"
  integrity sha512-41Cifkg6e8TylSpdtTpeLVMqvSBEVzTttHvERD741+pnZ8ANv0004MRL43QKPDlK9cGvNp6NZWZUBlbGXYxxng==

"js-tokens@^3.0.0 || ^4.0.0":
  version "4.0.0"
  resolved "https://registry.yarnpkg.com/js-tokens/-/js-tokens-4.0.0.tgz#19203fb59991df98e3a287050d4647cdeaf32499"
  integrity sha512-RdJUflcE3cUzKiMqQgsCu06FPu9UdIJO0beYbPhHN4k6apgJtifcoCtT9bcxOpYBtpD2kCM6Sbzg4CausW/PKQ==

jwt-decode@^3.1.2:
  version "3.1.2"
  resolved "https://registry.yarnpkg.com/jwt-decode/-/jwt-decode-3.1.2.tgz#3fb319f3675a2df0c2895c8f5e9fa4b67b04ed59"
  integrity sha512-UfpWE/VZn0iP50d8cz9NrZLM9lSWhcJ+0Gt/nm4by88UL+J1SiKN8/5dkjMmbEzwL2CAe+67GsegCbIKtbp75A==

keycode@^2.2.0:
  version "2.2.1"
  resolved "https://registry.yarnpkg.com/keycode/-/keycode-2.2.1.tgz#09c23b2be0611d26117ea2501c2c391a01f39eff"
  integrity sha512-Rdgz9Hl9Iv4QKi8b0OlCRQEzp4AgVxyCtz5S/+VIHezDmrDhkp2N2TqBWOLz0/gbeREXOOiI9/4b8BY9uw2vFg==

keycon@^1.2.0:
  version "1.4.0"
  resolved "https://registry.yarnpkg.com/keycon/-/keycon-1.4.0.tgz#bf2a633f3c3b659ea564045938cff33e584cebd5"
  integrity sha512-p1NAIxiRMH3jYfTeXRs2uWbVJ1WpEjpi8ktzUyBJsX7/wn2qu2VRXktneBLNtKNxJmlUYxRi9gOJt1DuthXR7A==
  dependencies:
    "@cfcs/core" "^0.0.6"
    "@daybrush/utils" "^1.7.1"
    "@scena/event-emitter" "^1.0.2"
    keycode "^2.2.0"

loose-envify@^1.0.0, loose-envify@^1.1.0, loose-envify@^1.4.0:
  version "1.4.0"
  resolved "https://registry.yarnpkg.com/loose-envify/-/loose-envify-1.4.0.tgz#71ee51fa7be4caec1a63839f7e682d8132d30caf"
  integrity sha512-lyuxPGr/Wfhrlem2CL/UcnUc1zcqKAImBDzukY7Y5F/yQiNdko6+fRLevlw1HgMySw7f611UIY408EtxRSoK3Q==
  dependencies:
    js-tokens "^3.0.0 || ^4.0.0"

memoize-one@^5.1.1:
  version "5.2.1"
  resolved "https://registry.yarnpkg.com/memoize-one/-/memoize-one-5.2.1.tgz#8337aa3c4335581839ec01c3d594090cebe8f00e"
  integrity sha512-zYiwtZUcYyXKo/np96AGZAckk+FWWsUdJ3cHGGmld7+AhvcWmQyGCYUh1hc4Q/pkOhb65dQR/pqCyK0cOaHz4Q==

mime-db@1.52.0:
  version "1.52.0"
  resolved "https://registry.yarnpkg.com/mime-db/-/mime-db-1.52.0.tgz#bbabcdc02859f4987301c856e3387ce5ec43bf70"
  integrity sha512-sPU4uV7dYlvtWJxwwxHD0PuihVNiE7TyAbQ5SWxDCB9mUYvOgroQOwYQQOKPJ8CIbE+1ETVlOoK1UC2nU3gYvg==

mime-types@^2.1.12:
  version "2.1.35"
  resolved "https://registry.yarnpkg.com/mime-types/-/mime-types-2.1.35.tgz#381a871b62a734450660ae3deee44813f70d959a"
  integrity sha512-ZDY+bPm5zTTF+YpCrAU9nK0UgICYPT0QtT1NZWFv4s++TNkcgVaT0g6+4R2uI4MjQjzysHB1zxuWL50hzaeXiw==
  dependencies:
    mime-db "1.52.0"

modal@^1.2.0:
  version "1.2.0"
  resolved "https://registry.yarnpkg.com/modal/-/modal-1.2.0.tgz#3da970f622dc8c640b9d0732143f800dafba8d63"
  integrity sha512-Xoz/k7hnrpS0BT3Wh0hyOJ6NLQ7+jh7uPN5hVVoaxVWtZ60+RfGa8CfBjtR+JOvsmLqHKrXcWDsBbO2qNUMPWA==

ms@^2.1.3:
  version "2.1.3"
  resolved "https://registry.yarnpkg.com/ms/-/ms-2.1.3.tgz#574c8138ce1d2b5861f0b44579dbadd60c6615b2"
  integrity sha512-6FlzubTLZG3J2a/NVCAleEhjzq5oxgHyaCU9yYXvcLsvoVaHJq/s5xXI6/XXP6tz7R9xAOtHnSO/tXtF3WRTlA==

nanoid@^3.3.4:
  version "3.3.7"
  resolved "https://registry.yarnpkg.com/nanoid/-/nanoid-3.3.7.tgz#d0c301a691bc8d54efa0a2226ccf3fe2fd656bd8"
  integrity sha512-eSRppjcPIatRIMC1U6UngP8XFcz8MQWGQdt1MTBQ7NaAmvXDfvNxbvWV3x2y6CdEUciCSsDHDQZbhYaB8QEo2g==

next@13.4.7:
  version "13.4.7"
  resolved "https://registry.yarnpkg.com/next/-/next-13.4.7.tgz#2ab20e6fada2e25cb81bd17f68956705ffd9824e"
  integrity sha512-M8z3k9VmG51SRT6v5uDKdJXcAqLzP3C+vaKfLIAM0Mhx1um1G7MDnO63+m52qPdZfrTFzMZNzfsgvm3ghuVHIQ==
  dependencies:
    "@next/env" "13.4.7"
    "@swc/helpers" "0.5.1"
    busboy "1.6.0"
    caniuse-lite "^1.0.30001406"
    postcss "8.4.14"
    styled-jsx "5.1.1"
    watchpack "2.4.0"
    zod "3.21.4"
  optionalDependencies:
    "@next/swc-darwin-arm64" "13.4.7"
    "@next/swc-darwin-x64" "13.4.7"
    "@next/swc-linux-arm64-gnu" "13.4.7"
    "@next/swc-linux-arm64-musl" "13.4.7"
    "@next/swc-linux-x64-gnu" "13.4.7"
    "@next/swc-linux-x64-musl" "13.4.7"
    "@next/swc-win32-arm64-msvc" "13.4.7"
    "@next/swc-win32-ia32-msvc" "13.4.7"
    "@next/swc-win32-x64-msvc" "13.4.7"

node-xlsx@*:
  version "0.24.0"
  resolved "https://registry.yarnpkg.com/node-xlsx/-/node-xlsx-0.24.0.tgz#a6a365acb18ad37c66c2b254b6ebe0c22dc9dc6f"
  integrity sha512-1olwK48XK9nXZsyH/FCltvGrQYvXXZuxVitxXXv2GIuRm51aBi1+5KwR4rWM4KeO61sFU+00913WLZTD+AcXEg==
  dependencies:
    xlsx "https://cdn.sheetjs.com/xlsx-0.20.2/xlsx-0.20.2.tgz"

nookies@^2.5.2:
  version "2.5.2"
  resolved "https://registry.yarnpkg.com/nookies/-/nookies-2.5.2.tgz#cc55547efa982d013a21475bd0db0c02c1b35b27"
  integrity sha512-x0TRSaosAEonNKyCrShoUaJ5rrT5KHRNZ5DwPCuizjgrnkpE5DRf3VL7AyyQin4htict92X1EQ7ejDbaHDVdYA==
  dependencies:
    cookie "^0.4.1"
    set-cookie-parser "^2.4.6"

normalize-path@^3.0.0, normalize-path@~3.0.0:
  version "3.0.0"
  resolved "https://registry.yarnpkg.com/normalize-path/-/normalize-path-3.0.0.tgz#0dcd69ff23a1c9b11fd0978316644a0388216a65"
  integrity sha512-6eZs5Ls3WtCisHWp9S2GUy8dqkpGi4BVSz3GaqiE6ezub0512ESztXUwUB6C6IKbQkY2Pnb/mD4WYojCRwcwLA==

nprogress@^0.2.0:
  version "0.2.0"
  resolved "https://registry.yarnpkg.com/nprogress/-/nprogress-0.2.0.tgz#cb8f34c53213d895723fcbab907e9422adbcafb1"
  integrity sha512-I19aIingLgR1fmhftnbWWO3dXc0hSxqHQHQb3H8m+K3TnEn/iSeTZZOyvKXWqQESMwuUVnatlCnZdLBZZt2VSA==

object-assign@^4, object-assign@^4.1.1:
  version "4.1.1"
  resolved "https://registry.yarnpkg.com/object-assign/-/object-assign-4.1.1.tgz#2109adc7965887cfc05cbbd442cac8bfbb360863"
  integrity sha512-rJgTQnkUnH1sFw8yT6VSU3zD3sWmu6sZhIseY8VX+GRu3P6F7Fu+JNDoXfklElbLJSnc3FUQHVe4cU5hj+BcUg==

overlap-area@^1.1.0:
  version "1.1.0"
  resolved "https://registry.yarnpkg.com/overlap-area/-/overlap-area-1.1.0.tgz#1fcaa21bdb9cb1ace973d9aa299ae6b56557a4c2"
  integrity sha512-3dlJgJCaVeXH0/eZjYVJvQiLVVrPO4U1ZGqlATtx6QGO3b5eNM6+JgUKa7oStBTdYuGTk7gVoABCW6Tp+dhRdw==
  dependencies:
    "@daybrush/utils" "^1.7.1"

picocolors@^1.0.0:
  version "1.0.1"
  resolved "https://registry.yarnpkg.com/picocolors/-/picocolors-1.0.1.tgz#a8ad579b571952f0e5d25892de5445bcfe25aaa1"
  integrity sha512-anP1Z8qwhkbmu7MFP5iTt+wQKXgwzf7zTyGlcdzabySa9vd0Xt392U0rVmz9poOaBj0uHJKyyo9/upk0HrEQew==

picomatch@^2.0.4, picomatch@^2.2.1:
  version "2.3.1"
  resolved "https://registry.yarnpkg.com/picomatch/-/picomatch-2.3.1.tgz#3ba3833733646d9d3e4995946c1365a67fb07a42"
  integrity sha512-JU3teHTNjmE2VCGFzuY8EXzCDVwEqB2a8fsIvwaStHhAWJEeVd1o1QD80CU6+ZdEXXSLbSsuLwJjkCBWqRQUVA==

postcss@8.4.14:
  version "8.4.14"
  resolved "https://registry.yarnpkg.com/postcss/-/postcss-8.4.14.tgz#ee9274d5622b4858c1007a74d76e42e56fd21caf"
  integrity sha512-E398TUmfAYFPBSdzgeieK2Y1+1cpdxJx8yXbK/m57nRhKSmk1GB2tO4lbLBtlkfPQTDKfe4Xqv1ASWPpayPEig==
  dependencies:
    nanoid "^3.3.4"
    picocolors "^1.0.0"
    source-map-js "^1.0.2"

prop-types@^15.7.2, prop-types@^15.8.1:
  version "15.8.1"
  resolved "https://registry.yarnpkg.com/prop-types/-/prop-types-15.8.1.tgz#67d87bf1a694f48435cf332c24af10214a3140b5"
  integrity sha512-oj87CgZICdulUohogVAR7AjlC0327U4el4L6eAvOqCeudMDVU0NThNaV+b9Df4dXgSP1gXMTnPdhfe/2qDH5cg==
  dependencies:
    loose-envify "^1.4.0"
    object-assign "^4.1.1"
    react-is "^16.13.1"

proxy-from-env@^1.1.0:
  version "1.1.0"
  resolved "https://registry.yarnpkg.com/proxy-from-env/-/proxy-from-env-1.1.0.tgz#e102f16ca355424865755d2c9e8ea4f24d58c3e2"
  integrity sha512-D+zkORCbA9f1tdWRK0RaCR3GPv50cMxcrz4X8k5LTSUD1Dkw47mKJEZQNunItRTkWwgtaUSo1RVFRIG9ZXiFYg==

raf-schd@^4.0.2:
  version "4.0.3"
  resolved "https://registry.yarnpkg.com/raf-schd/-/raf-schd-4.0.3.tgz#5d6c34ef46f8b2a0e880a8fcdb743efc5bfdbc1a"
  integrity sha512-tQkJl2GRWh83ui2DiPTJz9wEiMN20syf+5oKfB03yYP7ioZcJwsIK8FjrtLwH1m7C7e+Tt2yYBlrOpdT+dyeIQ==

re-resizable@6.9.17:
  version "6.9.17"
  resolved "https://registry.yarnpkg.com/re-resizable/-/re-resizable-6.9.17.tgz#78e4349934ff24a8fcb4b6b5a43ff9ed5f319d2a"
  integrity sha512-OBqd1BwVXpEJJn/yYROG+CbeqIDBWIp6wathlpB0kzZWWZIY1gPTsgK2yJEui5hOvkCdC2mcexF2V3DZVfLq2g==

react-beautiful-dnd@^13.1.1:
  version "13.1.1"
  resolved "https://registry.yarnpkg.com/react-beautiful-dnd/-/react-beautiful-dnd-13.1.1.tgz#b0f3087a5840920abf8bb2325f1ffa46d8c4d0a2"
  integrity sha512-0Lvs4tq2VcrEjEgDXHjT98r+63drkKEgqyxdA7qD3mvKwga6a5SscbdLPO2IExotU1jW8L0Ksdl0Cj2AF67nPQ==
  dependencies:
    "@babel/runtime" "^7.9.2"
    css-box-model "^1.2.0"
    memoize-one "^5.1.1"
    raf-schd "^4.0.2"
    react-redux "^7.2.0"
    redux "^4.0.4"
    use-memo-one "^1.1.1"

react-css-styled@^1.1.9:
  version "1.1.9"
  resolved "https://registry.yarnpkg.com/react-css-styled/-/react-css-styled-1.1.9.tgz#a7cc948e49f72b2f7fb1393bd85416a8293afab3"
  integrity sha512-M7fJZ3IWFaIHcZEkoFOnkjdiUFmwd8d+gTh2bpqMOcnxy/0Gsykw4dsL4QBiKsxcGow6tETUa4NAUcmJF+/nfw==
  dependencies:
    css-styled "~1.0.8"
    framework-utils "^1.1.0"

react-dom@18.2.0:
  version "18.2.0"
  resolved "https://registry.yarnpkg.com/react-dom/-/react-dom-18.2.0.tgz#22aaf38708db2674ed9ada224ca4aa708d821e3d"
  integrity sha512-6IMTriUmvsjHUjNtEDudZfuDQUoWXVxKHhlEGSk81n4YFS+r/Kl99wXiwlVXtPBtJenozv2P+hxDsw9eA7Xo6g==
  dependencies:
    loose-envify "^1.1.0"
    scheduler "^0.23.0"

react-draggable@4.4.6, react-draggable@^4.4.6:
  version "4.4.6"
  resolved "https://registry.yarnpkg.com/react-draggable/-/react-draggable-4.4.6.tgz#63343ee945770881ca1256a5b6fa5c9f5983fe1e"
  integrity sha512-LtY5Xw1zTPqHkVmtM3X8MUOxNDOUhv/khTgBgrUvwaS064bwVvxT+q5El0uUFNx5IEPKXuRejr7UqLwBIg5pdw==
  dependencies:
    clsx "^1.1.1"
    prop-types "^15.8.1"

react-icons@^4.10.1:
  version "4.12.0"
  resolved "https://registry.yarnpkg.com/react-icons/-/react-icons-4.12.0.tgz#54806159a966961bfd5cdb26e492f4dafd6a8d78"
  integrity sha512-IBaDuHiShdZqmfc/TwHu6+d6k2ltNCf3AszxNmjJc1KUfXdEeRJOKyNvLmAHaarhzGmTSVygNdyu8/opXv2gaw==

react-input-mask@^2.0.4:
  version "2.0.4"
  resolved "https://registry.yarnpkg.com/react-input-mask/-/react-input-mask-2.0.4.tgz#9ade5cf8196f4a856dbf010820fe75a795f3eb14"
  integrity sha512-1hwzMr/aO9tXfiroiVCx5EtKohKwLk/NT8QlJXHQ4N+yJJFyUuMT+zfTpLBwX/lK3PkuMlievIffncpMZ3HGRQ==
  dependencies:
    invariant "^2.2.4"
    warning "^4.0.2"

react-is@^16.13.1, react-is@^16.7.0:
  version "16.13.1"
  resolved "https://registry.yarnpkg.com/react-is/-/react-is-16.13.1.tgz#789729a4dc36de2999dc156dd6c1d9c18cea56a4"
  integrity sha512-24e6ynE2H+OKt4kqsOvNd8kBpV65zoxbA4BVsEOB3ARVWQki/DHzaUoC5KuON/BiccDaCCTZBuOcfZs70kR8bQ==

react-is@^17.0.2:
  version "17.0.2"
  resolved "https://registry.yarnpkg.com/react-is/-/react-is-17.0.2.tgz#e691d4a8e9c789365655539ab372762b0efb54f0"
  integrity sha512-w2GsyukL62IJnlaff/nRegPQR94C/XXamvMWmSHRJ4y7Ts/4ocGRmTHvOs8PSE6pB3dWOrD/nueuU5sduBsQ4w==

react-moveable@^0.56.0:
  version "0.56.0"
  resolved "https://registry.yarnpkg.com/react-moveable/-/react-moveable-0.56.0.tgz#3537565079468aa9d241c17d0a5e78c56a562843"
  integrity sha512-FmJNmIOsOA36mdxbrc/huiE4wuXSRlmon/o+/OrfNhSiYYYL0AV5oObtPluEhb2Yr/7EfYWBHTxF5aWAvjg1SA==
  dependencies:
    "@daybrush/utils" "^1.13.0"
    "@egjs/agent" "^2.2.1"
    "@egjs/children-differ" "^1.0.1"
    "@egjs/list-differ" "^1.0.0"
    "@scena/dragscroll" "^1.4.0"
    "@scena/event-emitter" "^1.0.5"
    "@scena/matrix" "^1.1.1"
    css-to-mat "^1.1.1"
    framework-utils "^1.1.0"
    gesto "^1.19.3"
    overlap-area "^1.1.0"
    react-css-styled "^1.1.9"
    react-selecto "^1.25.0"

react-redux@^7.2.0:
  version "7.2.9"
  resolved "https://registry.yarnpkg.com/react-redux/-/react-redux-7.2.9.tgz#09488fbb9416a4efe3735b7235055442b042481d"
  integrity sha512-Gx4L3uM182jEEayZfRbI/G11ZpYdNAnBs70lFVMNdHJI76XYtR+7m0MN+eAs7UHBPhWXcnFPaS+9owSCJQHNpQ==
  dependencies:
    "@babel/runtime" "^7.15.4"
    "@types/react-redux" "^7.1.20"
    hoist-non-react-statics "^3.3.2"
    loose-envify "^1.4.0"
    prop-types "^15.7.2"
    react-is "^17.0.2"

react-rnd@^10.4.12:
  version "10.4.12"
  resolved "https://registry.yarnpkg.com/react-rnd/-/react-rnd-10.4.12.tgz#f3e0ae736e467c614f46f531f5f62e27aa14f352"
  integrity sha512-EZ0ddi+R9JQVqk6jtPzvy11z5kjdw3aZbtiRmA9KP09UNx3LZT8WFrWO3QXbH7dHo1DKO3Rh8usCCwaJgu6Ahg==
  dependencies:
    re-resizable "6.9.17"
    react-draggable "4.4.6"
    tslib "2.6.2"

react-selecto@^1.25.0:
  version "1.26.3"
  resolved "https://registry.yarnpkg.com/react-selecto/-/react-selecto-1.26.3.tgz#f9081c006cee2e2fed85ac1811cfe17136cf81a5"
  integrity sha512-Ubik7kWSnZyQEBNro+1k38hZaI1tJarE+5aD/qsqCOA1uUBSjgKVBy3EWRzGIbdmVex7DcxznFZLec/6KZNvwQ==
  dependencies:
    selecto "~1.26.3"

react-toastify@^9.1.3:
  version "9.1.3"
  resolved "https://registry.yarnpkg.com/react-toastify/-/react-toastify-9.1.3.tgz#1e798d260d606f50e0fab5ee31daaae1d628c5ff"
  integrity sha512-fPfb8ghtn/XMxw3LkxQBk3IyagNpF/LIKjOBflbexr2AWxAH1MJgvnESwEwBn9liLFXgTKWgBSdZpw9m4OTHTg==
  dependencies:
    clsx "^1.1.1"

react@18.2.0:
  version "18.2.0"
  resolved "https://registry.yarnpkg.com/react/-/react-18.2.0.tgz#555bd98592883255fa00de14f1151a917b5d77d5"
  integrity sha512-/3IjMdb2L9QbBdWiW5e3P2/npwMBaU9mHCSCUzNln0ZCYbcfTsGbTJrU/kGemdH2IWmB2ioZ+zkxtmq6g09fGQ==
  dependencies:
    loose-envify "^1.1.0"

readdirp@~3.6.0:
  version "3.6.0"
  resolved "https://registry.yarnpkg.com/readdirp/-/readdirp-3.6.0.tgz#74a370bd857116e245b29cc97340cd431a02a6c7"
  integrity sha512-hOS089on8RduqdbhvQ5Z37A0ESjsqz6qnRcffsMU3495FuTdqSm+7bhJ29JvIOsBDEEnan5DPu9t3To9VRlMzA==
  dependencies:
    picomatch "^2.2.1"

redux@^4.0.0, redux@^4.0.4:
  version "4.2.1"
  resolved "https://registry.yarnpkg.com/redux/-/redux-4.2.1.tgz#c08f4306826c49b5e9dc901dee0452ea8fce6197"
  integrity sha512-LAUYz4lc+Do8/g7aeRa8JkyDErK6ekstQaqWQrNRW//MY1TvCEpMtpTWvlQ+FPbWCx+Xixu/6SHt5N0HR+SB4w==
  dependencies:
    "@babel/runtime" "^7.9.2"

regenerator-runtime@^0.14.0:
  version "0.14.1"
  resolved "https://registry.yarnpkg.com/regenerator-runtime/-/regenerator-runtime-0.14.1.tgz#356ade10263f685dda125100cd862c1db895327f"
  integrity sha512-dYnhHh0nJoMfnkZs6GmmhFknAGRrLznOu5nc9ML+EJxGvrx6H7teuevqVqCuPcPK//3eDrrjQhehXVx9cnkGdw==

sass@^1.69.5:
  version "1.77.8"
  resolved "https://registry.yarnpkg.com/sass/-/sass-1.77.8.tgz#9f18b449ea401759ef7ec1752a16373e296b52bd"
  integrity sha512-4UHg6prsrycW20fqLGPShtEvo/WyHRVRHwOP4DzkUrObWoWI05QBSfzU71TVB7PFaL104TwNaHpjlWXAZbQiNQ==
  dependencies:
    chokidar ">=3.0.0 <4.0.0"
    immutable "^4.0.0"
    source-map-js ">=0.6.2 <2.0.0"

scheduler@^0.23.0:
  version "0.23.2"
  resolved "https://registry.yarnpkg.com/scheduler/-/scheduler-0.23.2.tgz#414ba64a3b282892e944cf2108ecc078d115cdc3"
  integrity sha512-UOShsPwz7NrMUqhR6t0hWjFduvOzbtv7toDH1/hIrfRNIDBnnBWd0CwJTGvTpngVlmwGCdP9/Zl/tVrDqcuYzQ==
  dependencies:
    loose-envify "^1.1.0"

selecto@~1.26.3:
  version "1.26.3"
  resolved "https://registry.yarnpkg.com/selecto/-/selecto-1.26.3.tgz#12f259112b943d395731524e3bb0115da7372212"
  integrity sha512-gZHgqMy5uyB6/2YDjv3Qqaf7bd2hTDOpPdxXlrez4R3/L0GiEWDCFaUfrflomgqdb3SxHF2IXY0Jw0EamZi7cw==
  dependencies:
    "@daybrush/utils" "^1.13.0"
    "@egjs/children-differ" "^1.0.1"
    "@scena/dragscroll" "^1.4.0"
    "@scena/event-emitter" "^1.0.5"
    css-styled "^1.0.8"
    css-to-mat "^1.1.1"
    framework-utils "^1.1.0"
    gesto "^1.19.4"
    keycon "^1.2.0"
    overlap-area "^1.1.0"

set-cookie-parser@^2.4.6:
  version "2.7.0"
  resolved "https://registry.yarnpkg.com/set-cookie-parser/-/set-cookie-parser-2.7.0.tgz#ef5552b56dc01baae102acb5fc9fb8cd060c30f9"
  integrity sha512-lXLOiqpkUumhRdFF3k1osNXCy9akgx/dyPZ5p8qAg9seJzXr5ZrlqZuWIMuY6ejOsVLE6flJ5/h3lsn57fQ/PQ==

socket.io-client@^4.7.5:
  version "4.7.5"
  resolved "https://registry.yarnpkg.com/socket.io-client/-/socket.io-client-4.7.5.tgz#919be76916989758bdc20eec63f7ee0ae45c05b7"
  integrity sha512-sJ/tqHOCe7Z50JCBCXrsY3I2k03iOiUe+tj1OmKeD2lXPiGH/RUCdTZFoqVyN7l1MnpIzPrGtLcijffmeouNlQ==
  dependencies:
    "@socket.io/component-emitter" "~3.1.0"
    debug "~4.3.2"
    engine.io-client "~6.5.2"
    socket.io-parser "~4.2.4"

socket.io-parser@~4.2.4:
  version "4.2.4"
  resolved "https://registry.yarnpkg.com/socket.io-parser/-/socket.io-parser-4.2.4.tgz#c806966cf7270601e47469ddeec30fbdfda44c83"
  integrity sha512-/GbIKmo8ioc+NIWIhwdecY0ge+qVBSMdgxGygevmdHj24bsfgtCmcUUcQ5ZzcylGFHsN3k4HB4Cgkl96KVnuew==
  dependencies:
    "@socket.io/component-emitter" "~3.1.0"
    debug "~4.3.1"

"source-map-js@>=0.6.2 <2.0.0", source-map-js@^1.0.2:
  version "1.2.0"
  resolved "https://registry.yarnpkg.com/source-map-js/-/source-map-js-1.2.0.tgz#16b809c162517b5b8c3e7dcd315a2a5c2612b2af"
  integrity sha512-itJW8lvSA0TXEphiRoawsCksnlf8SyvmFzIhltqAHluXd88pkCd+cXJVHTDwdCr0IzwptSm035IHQktUu1QUMg==

streamsearch@^1.1.0:
  version "1.1.0"
  resolved "https://registry.yarnpkg.com/streamsearch/-/streamsearch-1.1.0.tgz#404dd1e2247ca94af554e841a8ef0eaa238da764"
  integrity sha512-Mcc5wHehp9aXz1ax6bZUyY5afg9u2rv5cqQI3mRrYkGC8rW2hM02jWuwjtL++LS5qinSyhj2QfLyNsuc+VsExg==

styled-jsx@5.1.1:
  version "5.1.1"
  resolved "https://registry.yarnpkg.com/styled-jsx/-/styled-jsx-5.1.1.tgz#839a1c3aaacc4e735fed0781b8619ea5d0009d1f"
  integrity sha512-pW7uC1l4mBZ8ugbiZrcIsiIvVx1UmTfw7UkC3Um2tmfUq9Bhk8IiyEIPl6F8agHgjzku6j0xQEZbfA5uSgSaCw==
  dependencies:
    client-only "0.0.1"

tiny-invariant@^1.0.6:
  version "1.3.3"
  resolved "https://registry.yarnpkg.com/tiny-invariant/-/tiny-invariant-1.3.3.tgz#46680b7a873a0d5d10005995eb90a70d74d60127"
  integrity sha512-+FbBPE1o9QAYvviau/qC5SE3caw21q3xkvWKBtja5vgqOWIHHJ3ioaq1VPfn/Szqctz2bU/oYeKd9/z5BL+PVg==

to-regex-range@^5.0.1:
  version "5.0.1"
  resolved "https://registry.yarnpkg.com/to-regex-range/-/to-regex-range-5.0.1.tgz#1648c44aae7c8d988a326018ed72f5b4dd0392e4"
  integrity sha512-65P7iz6X5yEr1cwcgvQxbbIw7Uk3gOy5dIdtZ4rDveLqhrdJP+Li/Hx6tyK0NEb+2GCyneCMJiGqrADCSNk8sQ==
  dependencies:
    is-number "^7.0.0"

tslib@2.6.2:
  version "2.6.2"
  resolved "https://registry.yarnpkg.com/tslib/-/tslib-2.6.2.tgz#703ac29425e7b37cd6fd456e92404d46d1f3e4ae"
  integrity sha512-AEYxH93jGFPn/a2iVAwW87VuUIkR1FVUKB77NwMF7nBTDkDrrT/Hpt/IrCJ0QXhW27jTBDcf5ZY7w6RiqTMw2Q==

tslib@^2.4.0:
  version "2.7.0"
  resolved "https://registry.yarnpkg.com/tslib/-/tslib-2.7.0.tgz#d9b40c5c40ab59e8738f297df3087bf1a2690c01"
  integrity sha512-gLXCKdN1/j47AiHiOkJN69hJmcbGTHI0ImLmbYLHykhgeN0jVGola9yVjFgzCUklsZQMW55o+dW7IXv3RCXDzA==

typescript@^5.1.3:
  version "5.5.4"
  resolved "https://registry.yarnpkg.com/typescript/-/typescript-5.5.4.tgz#d9852d6c82bad2d2eda4fd74a5762a8f5909e9ba"
  integrity sha512-Mtq29sKDAEYP7aljRgtPOpTvOfbwRWlS6dPRzwjdE+C0R4brX/GUyhHSecbHMFLNBLcJIPt9nl9yG5TZ1weH+Q==

undici-types@~6.19.2:
  version "6.19.8"
  resolved "https://registry.yarnpkg.com/undici-types/-/undici-types-6.19.8.tgz#35111c9d1437ab83a7cdc0abae2f26d88eda0a02"
  integrity sha512-ve2KP6f/JnbPBFyobGHuerC9g1FYGn/F8n1LWTwNxCEzd6IfqTwUQcNXgEtmmQ6DlRrC1hrSrBnCZPokRrDHjw==

use-memo-one@^1.1.1:
  version "1.1.3"
  resolved "https://registry.yarnpkg.com/use-memo-one/-/use-memo-one-1.1.3.tgz#2fd2e43a2169eabc7496960ace8c79efef975e99"
  integrity sha512-g66/K7ZQGYrI6dy8GLpVcMsBp4s17xNkYJVSMvTEevGy3nDxHOfE6z8BVE22+5G5x7t3+bhzrlTDB7ObrEE0cQ==

validator@^13.11.0:
  version "13.12.0"
  resolved "https://registry.yarnpkg.com/validator/-/validator-13.12.0.tgz#7d78e76ba85504da3fee4fd1922b385914d4b35f"
  integrity sha512-c1Q0mCiPlgdTVVVIJIrBuxNicYE+t/7oKeI9MWLj3fh/uq2Pxh/3eeWbVZ4OcGW1TUf53At0njHw5SMdA3tmMg==

vary@^1:
  version "1.1.2"
  resolved "https://registry.yarnpkg.com/vary/-/vary-1.1.2.tgz#2299f02c6ded30d4a5961b0b9f74524a18f634fc"
  integrity sha512-BNGbWLfd0eUPabhkXUVm0j8uuvREyTh5ovRa/dyow/BqAbZJyC+5fU+IzQOzmAKzYqYRAISoRhdQr3eIZ/PXqg==

warning@^4.0.2:
  version "4.0.3"
  resolved "https://registry.yarnpkg.com/warning/-/warning-4.0.3.tgz#16e9e077eb8a86d6af7d64aa1e05fd85b4678ca3"
  integrity sha512-rpJyN222KWIvHJ/F53XSZv0Zl/accqHR8et1kpaMTD/fLCRxtV8iX8czMzY7sVZupTI3zcUTg8eycS2kNF9l6w==
  dependencies:
    loose-envify "^1.0.0"

watchpack@2.4.0:
  version "2.4.0"
  resolved "https://registry.yarnpkg.com/watchpack/-/watchpack-2.4.0.tgz#fa33032374962c78113f93c7f2fb4c54c9862a5d"
  integrity sha512-Lcvm7MGST/4fup+ifyKi2hjyIAwcdI4HRgtvTpIUxBRhB+RFtUh8XtDOxUfctVCnhVi+QQj49i91OyvzkJl6cg==
  dependencies:
    glob-to-regexp "^0.4.1"
    graceful-fs "^4.1.2"

ws@~8.17.1:
  version "8.17.1"
  resolved "https://registry.yarnpkg.com/ws/-/ws-8.17.1.tgz#9293da530bb548febc95371d90f9c878727d919b"
  integrity sha512-6XQFvXTkbfUOZOKKILFG1PDK2NDQs4azKQl26T0YS5CxqWLgXajbPZ+h4gZekJyRqFU8pvnbAbbs/3TgRPy+GQ==

"xlsx@https://cdn.sheetjs.com/xlsx-0.20.2/xlsx-0.20.2.tgz":
  version "0.20.2"
  resolved "https://cdn.sheetjs.com/xlsx-0.20.2/xlsx-0.20.2.tgz#0f64eeed3f1a46e64724620c3553f2dbd3cd2d7d"

xmlhttprequest-ssl@~2.0.0:
  version "2.0.0"
  resolved "https://registry.yarnpkg.com/xmlhttprequest-ssl/-/xmlhttprequest-ssl-2.0.0.tgz#91360c86b914e67f44dce769180027c0da618c67"
  integrity sha512-QKxVRxiRACQcVuQEYFsI1hhkrMlrXHPegbbd1yn9UHOmRxY+si12nQYzri3vbzt8VdTTRviqcKxcyllFas5z2A==

zod@3.21.4:
  version "3.21.4"
  resolved "https://registry.yarnpkg.com/zod/-/zod-3.21.4.tgz#10882231d992519f0a10b5dd58a38c9dabbb64db"
  integrity sha512-m46AKbrzKVzOzs/DZgVnG5H55N1sv1M8qZU3A8RIKbs3mrACDNeIOeilDymVb2HdmP8uwshOCF4uJ8uM9rCqJw==

zxcvbn@^4.4.2:
  version "4.4.2"
  resolved "https://registry.yarnpkg.com/zxcvbn/-/zxcvbn-4.4.2.tgz#28ec17cf09743edcab056ddd8b1b06262cc73c30"
  integrity sha512-Bq0B+ixT/DMyG8kgX2xWcI5jUvCwqrMxSFam7m0lAf78nf04hv6lNCsyLYdyYTrCVMqNDY/206K7eExYCeSyUQ==
